
Microsoft Visual Studio Solution File, Format Version 12.00
# Visual Studio Version 18
VisualStudioVersion = 18.2.11408.102
MinimumVisualStudioVersion = 10.0.40219.1
Project("{FAE04EC0-301F-11D3-BF4B-00C04F79EFBC}") = "MedReminder.Mobile", "MedReminder.Mobile\MedReminder.Mobile.csproj", "{3DD88ED5-B5C9-4882-A467-B4ADCDB12A50}"
EndProject
Project("{FAE04EC0-301F-11D3-BF4B-00C04F79EFBC}") = "MedReminder.Desktop", "MedReminder.Desktop\MedReminder.Desktop.csproj", "{125B3F35-1C9C-367B-A37D-93845822638B}"
EndProject
Project("{2150E333-8FDC-42A3-9474-1A3956D46DE8}") = "Docs", "Docs", "{B4FC8ABA-4ED2-485D-A187-DFC5E44EF2E2}"
EndProject
Global
	GlobalSection(SolutionConfigurationPlatforms) = preSolution
		Debug|Any CPU = Debug|Any CPU
		Release|Any CPU = Release|Any CPU
	EndGlobalSection
	GlobalSection(ProjectConfigurationPlatforms) = postSolution
		{3DD88ED5-B5C9-4882-A467-B4ADCDB12A50}.Debug|Any CPU.ActiveCfg = Debug|Any CPU
		{3DD88ED5-B5C9-4882-A467-B4ADCDB12A50}.Debug|Any CPU.Build.0 = Debug|Any CPU
		{3DD88ED5-B5C9-4882-A467-B4ADCDB12A50}.Debug|Any CPU.Deploy.0 = Debug|Any CPU
		{3DD88ED5-B5C9-4882-A467-B4ADCDB12A50}.Release|Any CPU.ActiveCfg = Release|Any CPU
		{3DD88ED5-B5C9-4882-A467-B4ADCDB12A50}.Release|Any CPU.Build.0 = Release|Any CPU
		{3DD88ED5-B5C9-4882-A467-B4ADCDB12A50}.Release|Any CPU.Deploy.0 = Release|Any CPU
		{125B3F35-1C9C-367B-A37D-93845822638B}.Debug|Any CPU.ActiveCfg = Debug|Any CPU
		{125B3F35-1C9C-367B-A37D-93845822638B}.Debug|Any CPU.Build.0 = Debug|Any CPU
		{125B3F35-1C9C-367B-A37D-93845822638B}.Release|Any CPU.ActiveCfg = Release|Any CPU
		{125B3F35-1C9C-367B-A37D-93845822638B}.Release|Any CPU.Build.0 = Release|Any CPU
	EndGlobalSection
	GlobalSection(SolutionProperties) = preSolution
		HideSolutionNode = FALSE
	EndGlobalSection
	GlobalSection(ExtensibilityGlobals) = postSolution
		SolutionGuid = {36FCFD82-71DD-4CB8-B6B9-BAC79D3787CD}
	EndGlobalSection
EndGlobal
